
Microsoft Visual Studio Solution File, Format Version 12.00
# Visual Studio Version 17
VisualStudioVersion = 17.4.33213.308
MinimumVisualStudioVersion = 10.0.40219.1
Project("{FAE04EC0-301F-11D3-BF4B-00C04F79EFBC}") = "projetProduct", "projetProduct\projetProduct.csproj", "{3F4B83C8-5DA4-408F-A81D-CBBF500FC23E}"
EndProject
Global
	GlobalSection(SolutionConfigurationPlatforms) = preSolution
		Debug|Any CPU = Debug|Any CPU
		Release|Any CPU = Release|Any CPU
	EndGlobalSection
	GlobalSection(ProjectConfigurationPlatforms) = postSolution
		{3F4B83C8-5DA4-408F-A81D-CBBF500FC23E}.Debug|Any CPU.ActiveCfg = Debug|Any CPU
		{3F4B83C8-5DA4-408F-A81D-CBBF500FC23E}.Debug|Any CPU.Build.0 = Debug|Any CPU
		{3F4B83C8-5DA4-408F-A81D-CBBF500FC23E}.Release|Any CPU.ActiveCfg = Release|Any CPU
		{3F4B83C8-5DA4-408F-A81D-CBBF500FC23E}.Release|Any CPU.Build.0 = Release|Any CPU
	EndGlobalSection
	GlobalSection(SolutionProperties) = preSolution
		HideSolutionNode = FALSE
	EndGlobalSection
	GlobalSection(ExtensibilityGlobals) = postSolution
		SolutionGuid = {E4F5A39E-03CE-440E-B35A-EAAC7E7E6367}
	EndGlobalSection
EndGlobal
